// !$*UTF8*$!
{
	archiveVersion = 1;
	classes = {
	};
	objectVersion = 77;
	objects = {

/* Begin PBXContainerItemProxy section */
		5391FFB52D4F8A3500BA54D8 /* PBXContainerItemProxy */ = {
			isa = PBXContainerItemProxy;
			containerPortal = 5391FF962D4F8A3400BA54D8 /* Project object */;
			proxyType = 1;
			remoteGlobalIDString = 5391FF9D2D4F8A3400BA54D8;
			remoteInfo = TwistTale;
		};
		5391FFBF2D4F8A3500BA54D8 /* PBXContainerItemProxy */ = {
			isa = PBXContainerItemProxy;
			containerPortal = 5391FF962D4F8A3400BA54D8 /* Project object */;
			proxyType = 1;
			remoteGlobalIDString = 5391FF9D2D4F8A3400BA54D8;
			remoteInfo = TwistTale;
		};
/* End PBXContainerItemProxy section */

/* Begin PBXFileReference section */
		5391FF9E2D4F8A3400BA54D8 /* TwistTale.app */ = {isa = PBXFileReference; explicitFileType = wrapper.application; includeInIndex = 0; path = TwistTale.app; sourceTree = BUILT_PRODUCTS_DIR; };
		5391FFB42D4F8A3500BA54D8 /* TwistTaleTests.xctest */ = {isa = PBXFileReference; explicitFileType = wrapper.cfbundle; includeInIndex = 0; path = TwistTaleTests.xctest; sourceTree = BUILT_PRODUCTS_DIR; };
		5391FFBE2D4F8A3500BA54D8 /* TwistTaleUITests.xctest */ = {isa = PBXFileReference; explicitFileType = wrapper.cfbundle; includeInIndex = 0; path = TwistTaleUITests.xctest; sourceTree = BUILT_PRODUCTS_DIR; };
/* End PBXFileReference section */

/* Begin PBXFileSystemSynchronizedBuildFileExceptionSet section */
		5391FFC62D4F8A3500BA54D8 /* Exceptions for "TwistTale" folder in "TwistTale" target */ = {
			isa = PBXFileSystemSynchronizedBuildFileExceptionSet;
			membershipExceptions = (
				Info.plist,
			);
			target = 5391FF9D2D4F8A3400BA54D8 /* TwistTale */;
		};
/* End PBXFileSystemSynchronizedBuildFileExceptionSet section */

/* Begin PBXFileSystemSynchronizedRootGroup section */
		5391FFA02D4F8A3400BA54D8 /* TwistTale */ = {
			isa = PBXFileSystemSynchronizedRootGroup;
			exceptions = (
				5391FFC62D4F8A3500BA54D8 /* Exceptions for "TwistTale" folder in "TwistTale" target */,
			);
			path = TwistTale;
			sourceTree = "<group>";
		};
		5391FFB72D4F8A3500BA54D8 /* TwistTaleTests */ = {
			isa = PBXFileSystemSynchronizedRootGroup;
			path = TwistTaleTests;
			sourceTree = "<group>";
		};
		5391FFC12D4F8A3500BA54D8 /* TwistTaleUITests */ = {
			isa = PBXFileSystemSynchronizedRootGroup;
			path = TwistTaleUITests;
			sourceTree = "<group>";
		};
/* End PBXFileSystemSynchronizedRootGroup section */

/* Begin PBXFrameworksBuildPhase section */
		5391FF9B2D4F8A3400BA54D8 /* Frameworks */ = {
			isa = PBXFrameworksBuildPhase;
			buildActionMask = 2147483647;
			files = (
			);
			runOnlyForDeploymentPostprocessing = 0;
		};
		5391FFB12D4F8A3500BA54D8 /* Frameworks */ = {
			isa = PBXFrameworksBuildPhase;
			buildActionMask = 2147483647;
			files = (
			);
			runOnlyForDeploymentPostprocessing = 0;
		};
		5391FFBB2D4F8A3500BA54D8 /* Frameworks */ = {
			isa = PBXFrameworksBuildPhase;
			buildActionMask = 2147483647;
			files = (
			);
			runOnlyForDeploymentPostprocessing = 0;
		};
/* End PBXFrameworksBuildPhase section */

/* Begin PBXGroup section */
		5391FF952D4F8A3400BA54D8 = {
			isa = PBXGroup;
			children = (
				5391FFA02D4F8A3400BA54D8 /* TwistTale */,
				5391FFB72D4F8A3500BA54D8 /* TwistTaleTests */,
				5391FFC12D4F8A3500BA54D8 /* TwistTaleUITests */,
				5391FF9F2D4F8A3400BA54D8 /* Products */,
			);
			sourceTree = "<group>";
		};
		5391FF9F2D4F8A3400BA54D8 /* Products */ = {
			isa = PBXGroup;
			children = (
				5391FF9E2D4F8A3400BA54D8 /* TwistTale.app */,
				5391FFB42D4F8A3500BA54D8 /* TwistTaleTests.xctest */,
				5391FFBE2D4F8A3500BA54D8 /* TwistTaleUITests.xctest */,
			);
			name = Products;
			sourceTree = "<group>";
		};
/* End PBXGroup section */

/* Begin PBXNativeTarget section */
		5391FF9D2D4F8A3400BA54D8 /* TwistTale */ = {
			isa = PBXNativeTarget;
			buildConfigurationList = 5391FFC72D4F8A3500BA54D8 /* Build configuration list for PBXNativeTarget "TwistTale" */;
			buildPhases = (
				5391FF9A2D4F8A3400BA54D8 /* Sources */,
				5391FF9B2D4F8A3400BA54D8 /* Frameworks */,
				5391FF9C2D4F8A3400BA54D8 /* Resources */,
			);
			buildRules = (
			);
			dependencies = (
			);
			fileSystemSynchronizedGroups = (
				5391FFA02D4F8A3400BA54D8 /* TwistTale */,
			);
			name = TwistTale;
			packageProductDependencies = (
			);
			productName = TwistTale;
			productReference = 5391FF9E2D4F8A3400BA54D8 /* TwistTale.app */;
			productType = "com.apple.product-type.application";
		};
		5391FFB32D4F8A3500BA54D8 /* TwistTaleTests */ = {
			isa = PBXNativeTarget;
			buildConfigurationList = 5391FFCC2D4F8A3500BA54D8 /* Build configuration list for PBXNativeTarget "TwistTaleTests" */;
			buildPhases = (
				5391FFB02D4F8A3500BA54D8 /* Sources */,
				5391FFB12D4F8A3500BA54D8 /* Frameworks */,
				5391FFB22D4F8A3500BA54D8 /* Resources */,
			);
			buildRules = (
			);
			dependencies = (
				5391FFB62D4F8A3500BA54D8 /* PBXTargetDependency */,
			);
			fileSystemSynchronizedGroups = (
				5391FFB72D4F8A3500BA54D8 /* TwistTaleTests */,
			);
			name = TwistTaleTests;
			packageProductDependencies = (
			);
			productName = TwistTaleTests;
			productReference = 5391FFB42D4F8A3500BA54D8 /* TwistTaleTests.xctest */;
			productType = "com.apple.product-type.bundle.unit-test";
		};
		5391FFBD2D4F8A3500BA54D8 /* TwistTaleUITests */ = {
			isa = PBXNativeTarget;
			buildConfigurationList = 5391FFCF2D4F8A3500BA54D8 /* Build configuration list for PBXNativeTarget "TwistTaleUITests" */;
			buildPhases = (
				5391FFBA2D4F8A3500BA54D8 /* Sources */,
				5391FFBB2D4F8A3500BA54D8 /* Frameworks */,
				5391FFBC2D4F8A3500BA54D8 /* Resources */,
			);
			buildRules = (
			);
			dependencies = (
				5391FFC02D4F8A3500BA54D8 /* PBXTargetDependency */,
			);
			fileSystemSynchronizedGroups = (
				5391FFC12D4F8A3500BA54D8 /* TwistTaleUITests */,
			);
			name = TwistTaleUITests;
			packageProductDependencies = (
			);
			productName = TwistTaleUITests;
			productReference = 5391FFBE2D4F8A3500BA54D8 /* TwistTaleUITests.xctest */;
			productType = "com.apple.product-type.bundle.ui-testing";
		};
/* End PBXNativeTarget section */

/* Begin PBXProject section */
		5391FF962D4F8A3400BA54D8 /* Project object */ = {
			isa = PBXProject;
			attributes = {
				BuildIndependentTargetsInParallel = 1;
				LastSwiftUpdateCheck = 1620;
				LastUpgradeCheck = 1620;
				TargetAttributes = {
					5391FF9D2D4F8A3400BA54D8 = {
						CreatedOnToolsVersion = 16.2;
					};
					5391FFB32D4F8A3500BA54D8 = {
						CreatedOnToolsVersion = 16.2;
						TestTargetID = 5391FF9D2D4F8A3400BA54D8;
					};
					5391FFBD2D4F8A3500BA54D8 = {
						CreatedOnToolsVersion = 16.2;
						TestTargetID = 5391FF9D2D4F8A3400BA54D8;
					};
				};
			};
			buildConfigurationList = 5391FF992D4F8A3400BA54D8 /* Build configuration list for PBXProject "TwistTale" */;
			developmentRegion = en;
			hasScannedForEncodings = 0;
			knownRegions = (
				en,
				Base,
			);
			mainGroup = 5391FF952D4F8A3400BA54D8;
			minimizedProjectReferenceProxies = 1;
			preferredProjectObjectVersion = 77;
			productRefGroup = 5391FF9F2D4F8A3400BA54D8 /* Products */;
			projectDirPath = "";
			projectRoot = "";
			targets = (
				5391FF9D2D4F8A3400BA54D8 /* TwistTale */,
				5391FFB32D4F8A3500BA54D8 /* TwistTaleTests */,
				5391FFBD2D4F8A3500BA54D8 /* TwistTaleUITests */,
			);
		};
/* End PBXProject section */

/* Begin PBXResourcesBuildPhase section */
		5391FF9C2D4F8A3400BA54D8 /* Resources */ = {
			isa = PBXResourcesBuildPhase;
			buildActionMask = 2147483647;
			files = (
			);
			runOnlyForDeploymentPostprocessing = 0;
		};
		5391FFB22D4F8A3500BA54D8 /* Resources */ = {
			isa = PBXResourcesBuildPhase;
			buildActionMask = 2147483647;
			files = (
			);
			runOnlyForDeploymentPostprocessing = 0;
		};
		5391FFBC2D4F8A3500BA54D8 /* Resources */ = {
			isa = PBXResourcesBuildPhase;
			buildActionMask = 2147483647;
			files = (
			);
			runOnlyForDeploymentPostprocessing = 0;
		};
/* End PBXResourcesBuildPhase section */

/* Begin PBXSourcesBuildPhase section */
		5391FF9A2D4F8A3400BA54D8 /* Sources */ = {
			isa = PBXSourcesBuildPhase;
			buildActionMask = 2147483647;
			files = (
			);
			runOnlyForDeploymentPostprocessing = 0;
		};
		5391FFB02D4F8A3500BA54D8 /* Sources */ = {
			isa = PBXSourcesBuildPhase;
			buildActionMask = 2147483647;
			files = (
			);
			runOnlyForDeploymentPostprocessing = 0;
		};
		5391FFBA2D4F8A3500BA54D8 /* Sources */ = {
			isa = PBXSourcesBuildPhase;
			buildActionMask = 2147483647;
			files = (
			);
			runOnlyForDeploymentPostprocessing = 0;
		};
/* End PBXSourcesBuildPhase section */

/* Begin PBXTargetDependency section */
		5391FFB62D4F8A3500BA54D8 /* PBXTargetDependency */ = {
			isa = PBXTargetDependency;
			target = 5391FF9D2D4F8A3400BA54D8 /* TwistTale */;
			targetProxy = 5391FFB52D4F8A3500BA54D8 /* PBXContainerItemProxy */;
		};
		5391FFC02D4F8A3500BA54D8 /* PBXTargetDependency */ = {
			isa = PBXTargetDependency;
			target = 5391FF9D2D4F8A3400BA54D8 /* TwistTale */;
			targetProxy = 5391FFBF2D4F8A3500BA54D8 /* PBXContainerItemProxy */;
		};
/* End PBXTargetDependency section */

/* Begin XCBuildConfiguration section */
		5391FFC82D4F8A3500BA54D8 /* Debug */ = {
			isa = XCBuildConfiguration;
			buildSettings = {
				ASSETCATALOG_COMPILER_APPICON_NAME = AppIcon;
				ASSETCATALOG_COMPILER_GLOBAL_ACCENT_COLOR_NAME = AccentColor;
				CODE_SIGN_STYLE = Automatic;
				CURRENT_PROJECT_VERSION = 1;
				GENERATE_INFOPLIST_FILE = YES;
				INFOPLIST_FILE = TwistTale/Info.plist;
				INFOPLIST_KEY_UIApplicationSupportsIndirectInputEvents = YES;
				INFOPLIST_KEY_UILaunchStoryboardName = LaunchScreen;
				INFOPLIST_KEY_UIMainStoryboardFile = Main;
				INFOPLIST_KEY_UISupportedInterfaceOrientations_iPad = "UIInterfaceOrientationPortrait UIInterfaceOrientationPortraitUpsideDown UIInterfaceOrientationLandscapeLeft UIInterfaceOrientationLandscapeRight";
				INFOPLIST_KEY_UISupportedInterfaceOrientations_iPhone = "UIInterfaceOrientationPortrait UIInterfaceOrientationLandscapeLeft UIInterfaceOrientationLandscapeRight";
				LD_RUNPATH_SEARCH_PATHS = (
					"$(inherited)",
					"@executable_path/Frameworks",
				);
				MARKETING_VERSION = 1.0;
				PRODUCT_BUNDLE_IDENTIFIER = com.swanky.TwistTale;
				PRODUCT_NAME = "$(TARGET_NAME)";
				SWIFT_EMIT_LOC_STRINGS = YES;
				SWIFT_VERSION = 5.0;
				TARGETED_DEVICE_FAMILY = "1,2";
			};
			name = Debug;
		};
		5391FFC92D4F8A3500BA54D8 /* Release */ = {
			isa = XCBuildConfiguration;
			buildSettings = {
				ASSETCATALOG_COMPILER_APPICON_NAME = AppIcon;
				ASSETCATALOG_COMPILER_GLOBAL_ACCENT_COLOR_NAME = AccentColor;
				CODE_SIGN_STYLE = Automatic;
				CURRENT_PROJECT_VERSION = 1;
				GENERATE_INFOPLIST_FILE = YES;
				INFOPLIST_FILE = TwistTale/Info.plist;
				INFOPLIST_KEY_UIApplicationSupportsIndirectInputEvents = YES;
				INFOPLIST_KEY_UILaunchStoryboardName = LaunchScreen;
				INFOPLIST_KEY_UIMainStoryboardFile = Main;
				INFOPLIST_KEY_UISupportedInterfaceOrientations_iPad = "UIInterfaceOrientationPortrait UIInterfaceOrientationPortraitUpsideDown UIInterfaceOrientationLandscapeLeft UIInterfaceOrientationLandscapeRight";
				INFOPLIST_KEY_UISupportedInterfaceOrientations_iPhone = "UIInterfaceOrientationPortrait UIInterfaceOrientationLandscapeLeft UIInterfaceOrientationLandscapeRight";
				LD_RUNPATH_SEARCH_PATHS = (
					"$(inherited)",
					"@executable_path/Frameworks",
				);
				MARKETING_VERSION = 1.0;
				PRODUCT_BUNDLE_IDENTIFIER = com.swanky.TwistTale;
				PRODUCT_NAME = "$(TARGET_NAME)";
				SWIFT_EMIT_LOC_STRINGS = YES;
				SWIFT_VERSION = 5.0;
				TARGETED_DEVICE_FAMILY = "1,2";
			};
			name = Release;
		};
		5391FFCA2D4F8A3500BA54D8 /* Debug */ = {
			isa = XCBuildConfiguration;
			buildSettings = {
				ALWAYS_SEARCH_USER_PATHS = NO;
				ASSETCATALOG_COMPILER_GENERATE_SWIFT_ASSET_SYMBOL_EXTENSIONS = YES;
				CLANG_ANALYZER_NONNULL = YES;
				CLANG_ANALYZER_NUMBER_OBJECT_CONVERSION = YES_AGGRESSIVE;
				CLANG_CXX_LANGUAGE_STANDARD = "gnu++20";
				CLANG_ENABLE_MODULES = YES;
				CLANG_ENABLE_OBJC_ARC = YES;
				CLANG_ENABLE_OBJC_WEAK = YES;
				CLANG_WARN_BLOCK_CAPTURE_AUTORELEASING = YES;
				CLANG_WARN_BOOL_CONVERSION = YES;
				CLANG_WARN_COMMA = YES;
				CLANG_WARN_CONSTANT_CONVERSION = YES;
				CLANG_WARN_DEPRECATED_OBJC_IMPLEMENTATIONS = YES;
				CLANG_WARN_DIRECT_OBJC_ISA_USAGE = YES_ERROR;
				CLANG_WARN_DOCUMENTATION_COMMENTS = YES;
				CLANG_WARN_EMPTY_BODY = YES;
				CLANG_WARN_ENUM_CONVERSION = YES;
				CLANG_WARN_INFINITE_RECURSION = YES;
				CLANG_WARN_INT_CONVERSION = YES;
				CLANG_WARN_NON_LITERAL_NULL_CONVERSION = YES;
				CLANG_WARN_OBJC_IMPLICIT_RETAIN_SELF = YES;
				CLANG_WARN_OBJC_LITERAL_CONVERSION = YES;
				CLANG_WARN_OBJC_ROOT_CLASS = YES_ERROR;
				CLANG_WARN_QUOTED_INCLUDE_IN_FRAMEWORK_HEADER = YES;
				CLANG_WARN_RANGE_LOOP_ANALYSIS = YES;
				CLANG_WARN_STRICT_PROTOTYPES = YES;
				CLANG_WARN_SUSPICIOUS_MOVE = YES;
				CLANG_WARN_UNGUARDED_AVAILABILITY = YES_AGGRESSIVE;
				CLANG_WARN_UNREACHABLE_CODE = YES;
				CLANG_WARN__DUPLICATE_METHOD_MATCH = YES;
				COPY_PHASE_STRIP = NO;
				DEBUG_INFORMATION_FORMAT = dwarf;
				ENABLE_STRICT_OBJC_MSGSEND = YES;
				ENABLE_TESTABILITY = YES;
				ENABLE_USER_SCRIPT_SANDBOXING = YES;
				GCC_C_LANGUAGE_STANDARD = gnu17;
				GCC_DYNAMIC_NO_PIC = NO;
				GCC_NO_COMMON_BLOCKS = YES;
				GCC_OPTIMIZATION_LEVEL = 0;
				GCC_PREPROCESSOR_DEFINITIONS = (
					"DEBUG=1",
					"$(inherited)",
				);
				GCC_WARN_64_TO_32_BIT_CONVERSION = YES;
				GCC_WARN_ABOUT_RETURN_TYPE = YES_ERROR;
				GCC_WARN_UNDECLARED_SELECTOR = YES;
				GCC_WARN_UNINITIALIZED_AUTOS = YES_AGGRESSIVE;
				GCC_WARN_UNUSED_FUNCTION = YES;
				GCC_WARN_UNUSED_VARIABLE = YES;
				IPHONEOS_DEPLOYMENT_TARGET = 18.2;
				LOCALIZATION_PREFERS_STRING_CATALOGS = YES;
				MTL_ENABLE_DEBUG_INFO = INCLUDE_SOURCE;
				MTL_FAST_MATH = YES;
				ONLY_ACTIVE_ARCH = YES;
				SDKROOT = iphoneos;
				SWIFT_ACTIVE_COMPILATION_CONDITIONS = "DEBUG $(inherited)";
				SWIFT_OPTIMIZATION_LEVEL = "-Onone";
			};
			name = Debug;
		};
		5391FFCB2D4F8A3500BA54D8 /* Release */ = {
			isa = XCBuildConfiguration;
			buildSettings = {
				ALWAYS_SEARCH_USER_PATHS = NO;
				ASSETCATALOG_COMPILER_GENERATE_SWIFT_ASSET_SYMBOL_EXTENSIONS = YES;
				CLANG_ANALYZER_NONNULL = YES;
				CLANG_ANALYZER_NUMBER_OBJECT_CONVERSION = YES_AGGRESSIVE;
				CLANG_CXX_LANGUAGE_STANDARD = "gnu++20";
				CLANG_ENABLE_MODULES = YES;
				CLANG_ENABLE_OBJC_ARC = YES;
				CLANG_ENABLE_OBJC_WEAK = YES;
				CLANG_WARN_BLOCK_CAPTURE_AUTORELEASING = YES;
				CLANG_WARN_BOOL_CONVERSION = YES;
				CLANG_WARN_COMMA = YES;
				CLANG_WARN_CONSTANT_CONVERSION = YES;
				CLANG_WARN_DEPRECATED_OBJC_IMPLEMENTATIONS = YES;
				CLANG_WARN_DIRECT_OBJC_ISA_USAGE = YES_ERROR;
				CLANG_WARN_DOCUMENTATION_COMMENTS = YES;
				CLANG_WARN_EMPTY_BODY = YES;
				CLANG_WARN_ENUM_CONVERSION = YES;
				CLANG_WARN_INFINITE_RECURSION = YES;
				CLANG_WARN_INT_CONVERSION = YES;
				CLANG_WARN_NON_LITERAL_NULL_CONVERSION = YES;
				CLANG_WARN_OBJC_IMPLICIT_RETAIN_SELF = YES;
				CLANG_WARN_OBJC_LITERAL_CONVERSION = YES;
				CLANG_WARN_OBJC_ROOT_CLASS = YES_ERROR;
				CLANG_WARN_QUOTED_INCLUDE_IN_FRAMEWORK_HEADER = YES;
				CLANG_WARN_RANGE_LOOP_ANALYSIS = YES;
				CLANG_WARN_STRICT_PROTOTYPES = YES;
				CLANG_WARN_SUSPICIOUS_MOVE = YES;
				CLANG_WARN_UNGUARDED_AVAILABILITY = YES_AGGRESSIVE;
				CLANG_WARN_UNREACHABLE_CODE = YES;
				CLANG_WARN__DUPLICATE_METHOD_MATCH = YES;
				COPY_PHASE_STRIP = NO;
				DEBUG_INFORMATION_FORMAT = "dwarf-with-dsym";
				ENABLE_NS_ASSERTIONS = NO;
				ENABLE_STRICT_OBJC_MSGSEND = YES;
				ENABLE_USER_SCRIPT_SANDBOXING = YES;
				GCC_C_LANGUAGE_STANDARD = gnu17;
				GCC_NO_COMMON_BLOCKS = YES;
				GCC_WARN_64_TO_32_BIT_CONVERSION = YES;
				GCC_WARN_ABOUT_RETURN_TYPE = YES_ERROR;
				GCC_WARN_UNDECLARED_SELECTOR = YES;
				GCC_WARN_UNINITIALIZED_AUTOS = YES_AGGRESSIVE;
				GCC_WARN_UNUSED_FUNCTION = YES;
				GCC_WARN_UNUSED_VARIABLE = YES;
				IPHONEOS_DEPLOYMENT_TARGET = 18.2;
				LOCALIZATION_PREFERS_STRING_CATALOGS = YES;
				MTL_ENABLE_DEBUG_INFO = NO;
				MTL_FAST_MATH = YES;
				SDKROOT = iphoneos;
				SWIFT_COMPILATION_MODE = wholemodule;
				VALIDATE_PRODUCT = YES;
			};
			name = Release;
		};
		5391FFCD2D4F8A3500BA54D8 /* Debug */ = {
			isa = XCBuildConfiguration;
			buildSettings = {
				BUNDLE_LOADER = "$(TEST_HOST)";
				CODE_SIGN_STYLE = Automatic;
				CURRENT_PROJECT_VERSION = 1;
				GENERATE_INFOPLIST_FILE = YES;
				IPHONEOS_DEPLOYMENT_TARGET = 18.2;
				MARKETING_VERSION = 1.0;
				PRODUCT_BUNDLE_IDENTIFIER = com.swanky.TwistTaleTests;
				PRODUCT_NAME = "$(TARGET_NAME)";
				SWIFT_EMIT_LOC_STRINGS = NO;
				SWIFT_VERSION = 5.0;
				TARGETED_DEVICE_FAMILY = "1,2";
				TEST_HOST = "$(BUILT_PRODUCTS_DIR)/TwistTale.app/$(BUNDLE_EXECUTABLE_FOLDER_PATH)/TwistTale";
			};
			name = Debug;
		};
		5391FFCE2D4F8A3500BA54D8 /* Release */ = {
			isa = XCBuildConfiguration;
			buildSettings = {
				BUNDLE_LOADER = "$(TEST_HOST)";
				CODE_SIGN_STYLE = Automatic;
				CURRENT_PROJECT_VERSION = 1;
				GENERATE_INFOPLIST_FILE = YES;
				IPHONEOS_DEPLOYMENT_TARGET = 18.2;
				MARKETING_VERSION = 1.0;
				PRODUCT_BUNDLE_IDENTIFIER = com.swanky.TwistTaleTests;
				PRODUCT_NAME = "$(TARGET_NAME)";
				SWIFT_EMIT_LOC_STRINGS = NO;
				SWIFT_VERSION = 5.0;
				TARGETED_DEVICE_FAMILY = "1,2";
				TEST_HOST = "$(BUILT_PRODUCTS_DIR)/TwistTale.app/$(BUNDLE_EXECUTABLE_FOLDER_PATH)/TwistTale";
			};
			name = Release;
		};
		5391FFD02D4F8A3500BA54D8 /* Debug */ = {
			isa = XCBuildConfiguration;
			buildSettings = {
				CODE_SIGN_STYLE = Automatic;
				CURRENT_PROJECT_VERSION = 1;
				GENERATE_INFOPLIST_FILE = YES;
				MARKETING_VERSION = 1.0;
				PRODUCT_BUNDLE_IDENTIFIER = com.swanky.TwistTaleUITests;
				PRODUCT_NAME = "$(TARGET_NAME)";
				SWIFT_EMIT_LOC_STRINGS = NO;
				SWIFT_VERSION = 5.0;
				TARGETED_DEVICE_FAMILY = "1,2";
				TEST_TARGET_NAME = TwistTale;
			};
			name = Debug;
		};
		5391FFD12D4F8A3500BA54D8 /* Release */ = {
			isa = XCBuildConfiguration;
			buildSettings = {
				CODE_SIGN_STYLE = Automatic;
				CURRENT_PROJECT_VERSION = 1;
				GENERATE_INFOPLIST_FILE = YES;
				MARKETING_VERSION = 1.0;
				PRODUCT_BUNDLE_IDENTIFIER = com.swanky.TwistTaleUITests;
				PRODUCT_NAME = "$(TARGET_NAME)";
				SWIFT_EMIT_LOC_STRINGS = NO;
				SWIFT_VERSION = 5.0;
				TARGETED_DEVICE_FAMILY = "1,2";
				TEST_TARGET_NAME = TwistTale;
			};
			name = Release;
		};
/* End XCBuildConfiguration section */

/* Begin XCConfigurationList section */
		5391FF992D4F8A3400BA54D8 /* Build configuration list for PBXProject "TwistTale" */ = {
			isa = XCConfigurationList;
			buildConfigurations = (
				5391FFCA2D4F8A3500BA54D8 /* Debug */,
				5391FFCB2D4F8A3500BA54D8 /* Release */,
			);
			defaultConfigurationIsVisible = 0;
			defaultConfigurationName = Release;
		};
		5391FFC72D4F8A3500BA54D8 /* Build configuration list for PBXNativeTarget "TwistTale" */ = {
			isa = XCConfigurationList;
			buildConfigurations = (
				5391FFC82D4F8A3500BA54D8 /* Debug */,
				5391FFC92D4F8A3500BA54D8 /* Release */,
			);
			defaultConfigurationIsVisible = 0;
			defaultConfigurationName = Release;
		};
		5391FFCC2D4F8A3500BA54D8 /* Build configuration list for PBXNativeTarget "TwistTaleTests" */ = {
			isa = XCConfigurationList;
			buildConfigurations = (
				5391FFCD2D4F8A3500BA54D8 /* Debug */,
				5391FFCE2D4F8A3500BA54D8 /* Release */,
			);
			defaultConfigurationIsVisible = 0;
			defaultConfigurationName = Release;
		};
		5391FFCF2D4F8A3500BA54D8 /* Build configuration list for PBXNativeTarget "TwistTaleUITests" */ = {
			isa = XCConfigurationList;
			buildConfigurations = (
				5391FFD02D4F8A3500BA54D8 /* Debug */,
				5391FFD12D4F8A3500BA54D8 /* Release */,
			);
			defaultConfigurationIsVisible = 0;
			defaultConfigurationName = Release;
		};
/* End XCConfigurationList section */
	};
	rootObject = 5391FF962D4F8A3400BA54D8 /* Project object */;
}
